
Microsoft Visual Studio Solution File, Format Version 12.00
# Visual Studio Version 17
VisualStudioVersion = 17.4.33103.184
MinimumVisualStudioVersion = 10.0.40219.1
Project("{9A19103F-16F7-4668-BE54-9A1E7A4F7556}") = "SpecFlowCalculator", "SpecFlowCalculator.csproj", "{AA6098AE-F10E-4C25-BC0E-AD9FC581A1DA}"
EndProject
Project("{9A19103F-16F7-4668-BE54-9A1E7A4F7556}") = "SpecFlowCalculator.Specs", "..\SpecFlowCalculator.Specs\SpecFlowCalculator.Specs.csproj", "{01B05D99-FF31-491B-A4F2-21274E9BCF22}"
EndProject
Global
	GlobalSection(SolutionConfigurationPlatforms) = preSolution
		Debug|Any CPU = Debug|Any CPU
		Release|Any CPU = Release|Any CPU
	EndGlobalSection
	GlobalSection(ProjectConfigurationPlatforms) = postSolution
		{AA6098AE-F10E-4C25-BC0E-AD9FC581A1DA}.Debug|Any CPU.ActiveCfg = Debug|Any CPU
		{AA6098AE-F10E-4C25-BC0E-AD9FC581A1DA}.Debug|Any CPU.Build.0 = Debug|Any CPU
		{AA6098AE-F10E-4C25-BC0E-AD9FC581A1DA}.Release|Any CPU.ActiveCfg = Release|Any CPU
		{AA6098AE-F10E-4C25-BC0E-AD9FC581A1DA}.Release|Any CPU.Build.0 = Release|Any CPU
		{01B05D99-FF31-491B-A4F2-21274E9BCF22}.Debug|Any CPU.ActiveCfg = Debug|Any CPU
		{01B05D99-FF31-491B-A4F2-21274E9BCF22}.Debug|Any CPU.Build.0 = Debug|Any CPU
		{01B05D99-FF31-491B-A4F2-21274E9BCF22}.Release|Any CPU.ActiveCfg = Release|Any CPU
		{01B05D99-FF31-491B-A4F2-21274E9BCF22}.Release|Any CPU.Build.0 = Release|Any CPU
	EndGlobalSection
	GlobalSection(SolutionProperties) = preSolution
		HideSolutionNode = FALSE
	EndGlobalSection
	GlobalSection(ExtensibilityGlobals) = postSolution
		SolutionGuid = {1E7917F1-479D-41BE-98F1-E50C4E63E5C0}
	EndGlobalSection
EndGlobal
